
Microsoft Visual Studio Solution File, Format Version 12.00
# Visual Studio Version 17
VisualStudioVersion = 17.0.31919.166
MinimumVisualStudioVersion = 10.0.40219.1
Project("{FAE04EC0-301F-11D3-BF4B-00C04F79EFBC}") = "Company", "Company\Company.csproj", "{695CBE11-AD7E-4A89-B909-A555C06EE80E}"
EndProject
Global
	GlobalSection(SolutionConfigurationPlatforms) = preSolution
		Debug|Any CPU = Debug|Any CPU
		Release|Any CPU = Release|Any CPU
	EndGlobalSection
	GlobalSection(ProjectConfigurationPlatforms) = postSolution
		{695CBE11-AD7E-4A89-B909-A555C06EE80E}.Debug|Any CPU.ActiveCfg = Debug|Any CPU
		{695CBE11-AD7E-4A89-B909-A555C06EE80E}.Debug|Any CPU.Build.0 = Debug|Any CPU
		{695CBE11-AD7E-4A89-B909-A555C06EE80E}.Release|Any CPU.ActiveCfg = Release|Any CPU
		{695CBE11-AD7E-4A89-B909-A555C06EE80E}.Release|Any CPU.Build.0 = Release|Any CPU
	EndGlobalSection
	GlobalSection(SolutionProperties) = preSolution
		HideSolutionNode = FALSE
	EndGlobalSection
	GlobalSection(ExtensibilityGlobals) = postSolution
		SolutionGuid = {D5E763C8-9439-4A75-9896-6FD0EFB204D2}
	EndGlobalSection
EndGlobal
